// !$*UTF8*$!
{
	archiveVersion = 1;
	classes = {
	};
	objectVersion = 46;
	objects = {

/* Begin PBXBuildFile section */
		EF6833251DB7D17A0018DDD4 /* AppDelegate.swift in Sources */ = {isa = PBXBuildFile; fileRef = EF6833241DB7D17A0018DDD4 /* AppDelegate.swift */; };
		EF6833271DB7D17A0018DDD4 /* ViewController.swift in Sources */ = {isa = PBXBuildFile; fileRef = EF6833261DB7D17A0018DDD4 /* ViewController.swift */; };
		EF68332A1DB7D17A0018DDD4 /* Main.storyboard in Resources */ = {isa = PBXBuildFile; fileRef = EF6833281DB7D17A0018DDD4 /* Main.storyboard */; };
		EF68332C1DB7D17A0018DDD4 /* Assets.xcassets in Resources */ = {isa = PBXBuildFile; fileRef = EF68332B1DB7D17A0018DDD4 /* Assets.xcassets */; };
		EF68332F1DB7D17A0018DDD4 /* LaunchScreen.storyboard in Resources */ = {isa = PBXBuildFile; fileRef = EF68332D1DB7D17A0018DDD4 /* LaunchScreen.storyboard */; };
		EF68333A1DB7D17A0018DDD4 /* CalleasyTests.swift in Sources */ = {isa = PBXBuildFile; fileRef = EF6833391DB7D17A0018DDD4 /* CalleasyTests.swift */; };
		EF6833451DB7D17A0018DDD4 /* CalleasyUITests.swift in Sources */ = {isa = PBXBuildFile; fileRef = EF6833441DB7D17A0018DDD4 /* CalleasyUITests.swift */; };
		EFD305D71E2BF64600D50B79 /* contactsCellTableViewCell.swift in Sources */ = {isa = PBXBuildFile; fileRef = EFD305D61E2BF64600D50B79 /* contactsCellTableViewCell.swift */; };
		EFD305D91E2BF7D800D50B79 /* Default-568h@2x.png in Resources */ = {isa = PBXBuildFile; fileRef = EFD305D81E2BF7D800D50B79 /* Default-568h@2x.png */; };
/* End PBXBuildFile section */

/* Begin PBXContainerItemProxy section */
		EF6833361DB7D17A0018DDD4 /* PBXContainerItemProxy */ = {
			isa = PBXContainerItemProxy;
			containerPortal = EF6833191DB7D17A0018DDD4 /* Project object */;
			proxyType = 1;
			remoteGlobalIDString = EF6833201DB7D17A0018DDD4;
			remoteInfo = Calleasy;
		};
		EF6833411DB7D17A0018DDD4 /* PBXContainerItemProxy */ = {
			isa = PBXContainerItemProxy;
			containerPortal = EF6833191DB7D17A0018DDD4 /* Project object */;
			proxyType = 1;
			remoteGlobalIDString = EF6833201DB7D17A0018DDD4;
			remoteInfo = Calleasy;
		};
/* End PBXContainerItemProxy section */

/* Begin PBXFileReference section */
		EF6833211DB7D17A0018DDD4 /* Calleasy.app */ = {isa = PBXFileReference; explicitFileType = wrapper.application; includeInIndex = 0; path = Calleasy.app; sourceTree = BUILT_PRODUCTS_DIR; };
		EF6833241DB7D17A0018DDD4 /* AppDelegate.swift */ = {isa = PBXFileReference; lastKnownFileType = sourcecode.swift; path = AppDelegate.swift; sourceTree = "<group>"; };
		EF6833261DB7D17A0018DDD4 /* ViewController.swift */ = {isa = PBXFileReference; lastKnownFileType = sourcecode.swift; path = ViewController.swift; sourceTree = "<group>"; };
		EF6833291DB7D17A0018DDD4 /* Base */ = {isa = PBXFileReference; lastKnownFileType = file.storyboard; name = Base; path = Base.lproj/Main.storyboard; sourceTree = "<group>"; };
		EF68332B1DB7D17A0018DDD4 /* Assets.xcassets */ = {isa = PBXFileReference; lastKnownFileType = folder.assetcatalog; path = Assets.xcassets; sourceTree = "<group>"; };
		EF68332E1DB7D17A0018DDD4 /* Base */ = {isa = PBXFileReference; lastKnownFileType = file.storyboard; name = Base; path = Base.lproj/LaunchScreen.storyboard; sourceTree = "<group>"; };
		EF6833301DB7D17A0018DDD4 /* Info.plist */ = {isa = PBXFileReference; lastKnownFileType = text.plist.xml; path = Info.plist; sourceTree = "<group>"; };
		EF6833351DB7D17A0018DDD4 /* CalleasyTests.xctest */ = {isa = PBXFileReference; explicitFileType = wrapper.cfbundle; includeInIndex = 0; path = CalleasyTests.xctest; sourceTree = BUILT_PRODUCTS_DIR; };
		EF6833391DB7D17A0018DDD4 /* CalleasyTests.swift */ = {isa = PBXFileReference; lastKnownFileType = sourcecode.swift; path = CalleasyTests.swift; sourceTree = "<group>"; };
		EF68333B1DB7D17A0018DDD4 /* Info.plist */ = {isa = PBXFileReference; lastKnownFileType = text.plist.xml; path = Info.plist; sourceTree = "<group>"; };
		EF6833401DB7D17A0018DDD4 /* CalleasyUITests.xctest */ = {isa = PBXFileReference; explicitFileType = wrapper.cfbundle; includeInIndex = 0; path = CalleasyUITests.xctest; sourceTree = BUILT_PRODUCTS_DIR; };
		EF6833441DB7D17A0018DDD4 /* CalleasyUITests.swift */ = {isa = PBXFileReference; lastKnownFileType = sourcecode.swift; path = CalleasyUITests.swift; sourceTree = "<group>"; };
		EF6833461DB7D17A0018DDD4 /* Info.plist */ = {isa = PBXFileReference; lastKnownFileType = text.plist.xml; path = Info.plist; sourceTree = "<group>"; };
		EFD305D61E2BF64600D50B79 /* contactsCellTableViewCell.swift */ = {isa = PBXFileReference; fileEncoding = 4; lastKnownFileType = sourcecode.swift; path = contactsCellTableViewCell.swift; sourceTree = SOURCE_ROOT; };
		EFD305D81E2BF7D800D50B79 /* Default-568h@2x.png */ = {isa = PBXFileReference; lastKnownFileType = image.png; path = "Default-568h@2x.png"; sourceTree = "<group>"; };
/* End PBXFileReference section */

/* Begin PBXFrameworksBuildPhase section */
		EF68331E1DB7D17A0018DDD4 /* Frameworks */ = {
			isa = PBXFrameworksBuildPhase;
			buildActionMask = 2147483647;
			files = (
			);
			runOnlyForDeploymentPostprocessing = 0;
		};
		EF6833321DB7D17A0018DDD4 /* Frameworks */ = {
			isa = PBXFrameworksBuildPhase;
			buildActionMask = 2147483647;
			files = (
			);
			runOnlyForDeploymentPostprocessing = 0;
		};
		EF68333D1DB7D17A0018DDD4 /* Frameworks */ = {
			isa = PBXFrameworksBuildPhase;
			buildActionMask = 2147483647;
			files = (
			);
			runOnlyForDeploymentPostprocessing = 0;
		};
/* End PBXFrameworksBuildPhase section */

/* Begin PBXGroup section */
		EF6833181DB7D17A0018DDD4 = {
			isa = PBXGroup;
			children = (
				EFD305D81E2BF7D800D50B79 /* Default-568h@2x.png */,
				EF6833231DB7D17A0018DDD4 /* Calleasy */,
				EF6833381DB7D17A0018DDD4 /* CalleasyTests */,
				EF6833431DB7D17A0018DDD4 /* CalleasyUITests */,
				EF6833221DB7D17A0018DDD4 /* Products */,
			);
			sourceTree = "<group>";
		};
		EF6833221DB7D17A0018DDD4 /* Products */ = {
			isa = PBXGroup;
			children = (
				EF6833211DB7D17A0018DDD4 /* Calleasy.app */,
				EF6833351DB7D17A0018DDD4 /* CalleasyTests.xctest */,
				EF6833401DB7D17A0018DDD4 /* CalleasyUITests.xctest */,
			);
			name = Products;
			sourceTree = "<group>";
		};
		EF6833231DB7D17A0018DDD4 /* Calleasy */ = {
			isa = PBXGroup;
			children = (
				EF6833241DB7D17A0018DDD4 /* AppDelegate.swift */,
				EF6833261DB7D17A0018DDD4 /* ViewController.swift */,
				EF6833281DB7D17A0018DDD4 /* Main.storyboard */,
				EFD305D61E2BF64600D50B79 /* contactsCellTableViewCell.swift */,
				EF68332B1DB7D17A0018DDD4 /* Assets.xcassets */,
				EF68332D1DB7D17A0018DDD4 /* LaunchScreen.storyboard */,
				EF6833301DB7D17A0018DDD4 /* Info.plist */,
			);
			path = Calleasy;
			sourceTree = "<group>";
		};
		EF6833381DB7D17A0018DDD4 /* CalleasyTests */ = {
			isa = PBXGroup;
			children = (
				EF6833391DB7D17A0018DDD4 /* CalleasyTests.swift */,
				EF68333B1DB7D17A0018DDD4 /* Info.plist */,
			);
			path = CalleasyTests;
			sourceTree = "<group>";
		};
		EF6833431DB7D17A0018DDD4 /* CalleasyUITests */ = {
			isa = PBXGroup;
			children = (
				EF6833441DB7D17A0018DDD4 /* CalleasyUITests.swift */,
				EF6833461DB7D17A0018DDD4 /* Info.plist */,
			);
			path = CalleasyUITests;
			sourceTree = "<group>";
		};
/* End PBXGroup section */

/* Begin PBXNativeTarget section */
		EF6833201DB7D17A0018DDD4 /* Calleasy */ = {
			isa = PBXNativeTarget;
			buildConfigurationList = EF6833491DB7D17A0018DDD4 /* Build configuration list for PBXNativeTarget "Calleasy" */;
			buildPhases = (
				EF68331D1DB7D17A0018DDD4 /* Sources */,
				EF68331E1DB7D17A0018DDD4 /* Frameworks */,
				EF68331F1DB7D17A0018DDD4 /* Resources */,
			);
			buildRules = (
			);
			dependencies = (
			);
			name = Calleasy;
			productName = Calleasy;
			productReference = EF6833211DB7D17A0018DDD4 /* Calleasy.app */;
			productType = "com.apple.product-type.application";
		};
		EF6833341DB7D17A0018DDD4 /* CalleasyTests */ = {
			isa = PBXNativeTarget;
			buildConfigurationList = EF68334C1DB7D17A0018DDD4 /* Build configuration list for PBXNativeTarget "CalleasyTests" */;
			buildPhases = (
				EF6833311DB7D17A0018DDD4 /* Sources */,
				EF6833321DB7D17A0018DDD4 /* Frameworks */,
				EF6833331DB7D17A0018DDD4 /* Resources */,
			);
			buildRules = (
			);
			dependencies = (
				EF6833371DB7D17A0018DDD4 /* PBXTargetDependency */,
			);
			name = CalleasyTests;
			productName = CalleasyTests;
			productReference = EF6833351DB7D17A0018DDD4 /* CalleasyTests.xctest */;
			productType = "com.apple.product-type.bundle.unit-test";
		};
		EF68333F1DB7D17A0018DDD4 /* CalleasyUITests */ = {
			isa = PBXNativeTarget;
			buildConfigurationList = EF68334F1DB7D17A0018DDD4 /* Build configuration list for PBXNativeTarget "CalleasyUITests" */;
			buildPhases = (
				EF68333C1DB7D17A0018DDD4 /* Sources */,
				EF68333D1DB7D17A0018DDD4 /* Frameworks */,
				EF68333E1DB7D17A0018DDD4 /* Resources */,
			);
			buildRules = (
			);
			dependencies = (
				EF6833421DB7D17A0018DDD4 /* PBXTargetDependency */,
			);
			name = CalleasyUITests;
			productName = CalleasyUITests;
			productReference = EF6833401DB7D17A0018DDD4 /* CalleasyUITests.xctest */;
			productType = "com.apple.product-type.bundle.ui-testing";
		};
/* End PBXNativeTarget section */

/* Begin PBXProject section */
		EF6833191DB7D17A0018DDD4 /* Project object */ = {
			isa = PBXProject;
			attributes = {
				LastSwiftUpdateCheck = 0730;
				LastUpgradeCheck = 0810;
				ORGANIZATIONNAME = "Ellen Coelho";
				TargetAttributes = {
					EF6833201DB7D17A0018DDD4 = {
						CreatedOnToolsVersion = 7.3.1;
						DevelopmentTeam = SKK65KWC33;
						LastSwiftMigration = 0810;
					};
					EF6833341DB7D17A0018DDD4 = {
						CreatedOnToolsVersion = 7.3.1;
						LastSwiftMigration = 0810;
						TestTargetID = EF6833201DB7D17A0018DDD4;
					};
					EF68333F1DB7D17A0018DDD4 = {
						CreatedOnToolsVersion = 7.3.1;
						LastSwiftMigration = 0810;
						TestTargetID = EF6833201DB7D17A0018DDD4;
					};
				};
			};
			buildConfigurationList = EF68331C1DB7D17A0018DDD4 /* Build configuration list for PBXProject "Calleasy" */;
			compatibilityVersion = "Xcode 3.2";
			developmentRegion = English;
			hasScannedForEncodings = 0;
			knownRegions = (
				en,
				Base,
			);
			mainGroup = EF6833181DB7D17A0018DDD4;
			productRefGroup = EF6833221DB7D17A0018DDD4 /* Products */;
			projectDirPath = "";
			projectRoot = "";
			targets = (
				EF6833201DB7D17A0018DDD4 /* Calleasy */,
				EF6833341DB7D17A0018DDD4 /* CalleasyTests */,
				EF68333F1DB7D17A0018DDD4 /* CalleasyUITests */,
			);
		};
/* End PBXProject section */

/* Begin PBXResourcesBuildPhase section */
		EF68331F1DB7D17A0018DDD4 /* Resources */ = {
			isa = PBXResourcesBuildPhase;
			buildActionMask = 2147483647;
			files = (
				EF68332F1DB7D17A0018DDD4 /* LaunchScreen.storyboard in Resources */,
				EFD305D91E2BF7D800D50B79 /* Default-568h@2x.png in Resources */,
				EF68332C1DB7D17A0018DDD4 /* Assets.xcassets in Resources */,
				EF68332A1DB7D17A0018DDD4 /* Main.storyboard in Resources */,
			);
			runOnlyForDeploymentPostprocessing = 0;
		};
		EF6833331DB7D17A0018DDD4 /* Resources */ = {
			isa = PBXResourcesBuildPhase;
			buildActionMask = 2147483647;
			files = (
			);
			runOnlyForDeploymentPostprocessing = 0;
		};
		EF68333E1DB7D17A0018DDD4 /* Resources */ = {
			isa = PBXResourcesBuildPhase;
			buildActionMask = 2147483647;
			files = (
			);
			runOnlyForDeploymentPostprocessing = 0;
		};
/* End PBXResourcesBuildPhase section */

/* Begin PBXSourcesBuildPhase section */
		EF68331D1DB7D17A0018DDD4 /* Sources */ = {
			isa = PBXSourcesBuildPhase;
			buildActionMask = 2147483647;
			files = (
				EFD305D71E2BF64600D50B79 /* contactsCellTableViewCell.swift in Sources */,
				EF6833271DB7D17A0018DDD4 /* ViewController.swift in Sources */,
				EF6833251DB7D17A0018DDD4 /* AppDelegate.swift in Sources */,
			);
			runOnlyForDeploymentPostprocessing = 0;
		};
		EF6833311DB7D17A0018DDD4 /* Sources */ = {
			isa = PBXSourcesBuildPhase;
			buildActionMask = 2147483647;
			files = (
				EF68333A1DB7D17A0018DDD4 /* CalleasyTests.swift in Sources */,
			);
			runOnlyForDeploymentPostprocessing = 0;
		};
		EF68333C1DB7D17A0018DDD4 /* Sources */ = {
			isa = PBXSourcesBuildPhase;
			buildActionMask = 2147483647;
			files = (
				EF6833451DB7D17A0018DDD4 /* CalleasyUITests.swift in Sources */,
			);
			runOnlyForDeploymentPostprocessing = 0;
		};
/* End PBXSourcesBuildPhase section */

/* Begin PBXTargetDependency section */
		EF6833371DB7D17A0018DDD4 /* PBXTargetDependency */ = {
			isa = PBXTargetDependency;
			target = EF6833201DB7D17A0018DDD4 /* Calleasy */;
			targetProxy = EF6833361DB7D17A0018DDD4 /* PBXContainerItemProxy */;
		};
		EF6833421DB7D17A0018DDD4 /* PBXTargetDependency */ = {
			isa = PBXTargetDependency;
			target = EF6833201DB7D17A0018DDD4 /* Calleasy */;
			targetProxy = EF6833411DB7D17A0018DDD4 /* PBXContainerItemProxy */;
		};
/* End PBXTargetDependency section */

/* Begin PBXVariantGroup section */
		EF6833281DB7D17A0018DDD4 /* Main.storyboard */ = {
			isa = PBXVariantGroup;
			children = (
				EF6833291DB7D17A0018DDD4 /* Base */,
			);
			name = Main.storyboard;
			sourceTree = "<group>";
		};
		EF68332D1DB7D17A0018DDD4 /* LaunchScreen.storyboard */ = {
			isa = PBXVariantGroup;
			children = (
				EF68332E1DB7D17A0018DDD4 /* Base */,
			);
			name = LaunchScreen.storyboard;
			sourceTree = "<group>";
		};
/* End PBXVariantGroup section */

/* Begin XCBuildConfiguration section */
		EF6833471DB7D17A0018DDD4 /* Debug */ = {
			isa = XCBuildConfiguration;
			buildSettings = {
				ALWAYS_SEARCH_USER_PATHS = NO;
				CLANG_ANALYZER_NONNULL = YES;
				CLANG_CXX_LANGUAGE_STANDARD = "gnu++0x";
				CLANG_CXX_LIBRARY = "libc++";
				CLANG_ENABLE_MODULES = YES;
				CLANG_ENABLE_OBJC_ARC = YES;
				CLANG_WARN_BOOL_CONVERSION = YES;
				CLANG_WARN_CONSTANT_CONVERSION = YES;
				CLANG_WARN_DIRECT_OBJC_ISA_USAGE = YES_ERROR;
				CLANG_WARN_EMPTY_BODY = YES;
				CLANG_WARN_ENUM_CONVERSION = YES;
				CLANG_WARN_INFINITE_RECURSION = YES;
				CLANG_WARN_INT_CONVERSION = YES;
				CLANG_WARN_OBJC_ROOT_CLASS = YES_ERROR;
				CLANG_WARN_SUSPICIOUS_MOVE = YES;
				CLANG_WARN_UNREACHABLE_CODE = YES;
				CLANG_WARN__DUPLICATE_METHOD_MATCH = YES;
				"CODE_SIGN_IDENTITY[sdk=iphoneos*]" = "iPhone Developer";
				COPY_PHASE_STRIP = NO;
				DEBUG_INFORMATION_FORMAT = dwarf;
				ENABLE_STRICT_OBJC_MSGSEND = YES;
				ENABLE_TESTABILITY = YES;
				GCC_C_LANGUAGE_STANDARD = gnu99;
				GCC_DYNAMIC_NO_PIC = NO;
				GCC_NO_COMMON_BLOCKS = YES;
				GCC_OPTIMIZATION_LEVEL = 0;
				GCC_PREPROCESSOR_DEFINITIONS = (
					"DEBUG=1",
					"$(inherited)",
				);
				GCC_WARN_64_TO_32_BIT_CONVERSION = YES;
				GCC_WARN_ABOUT_RETURN_TYPE = YES_ERROR;
				GCC_WARN_UNDECLARED_SELECTOR = YES;
				GCC_WARN_UNINITIALIZED_AUTOS = YES_AGGRESSIVE;
				GCC_WARN_UNUSED_FUNCTION = YES;
				GCC_WARN_UNUSED_VARIABLE = YES;
				IPHONEOS_DEPLOYMENT_TARGET = 10.1;
				MTL_ENABLE_DEBUG_INFO = YES;
				ONLY_ACTIVE_ARCH = YES;
				SDKROOT = iphoneos;
				SWIFT_OPTIMIZATION_LEVEL = "-Onone";
			};
			name = Debug;
		};
		EF6833481DB7D17A0018DDD4 /* Release */ = {
			isa = XCBuildConfiguration;
			buildSettings = {
				ALWAYS_SEARCH_USER_PATHS = NO;
				CLANG_ANALYZER_NONNULL = YES;
				CLANG_CXX_LANGUAGE_STANDARD = "gnu++0x";
				CLANG_CXX_LIBRARY = "libc++";
				CLANG_ENABLE_MODULES = YES;
				CLANG_ENABLE_OBJC_ARC = YES;
				CLANG_WARN_BOOL_CONVERSION = YES;
				CLANG_WARN_CONSTANT_CONVERSION = YES;
				CLANG_WARN_DIRECT_OBJC_ISA_USAGE = YES_ERROR;
				CLANG_WARN_EMPTY_BODY = YES;
				CLANG_WARN_ENUM_CONVERSION = YES;
				CLANG_WARN_INFINITE_RECURSION = YES;
				CLANG_WARN_INT_CONVERSION = YES;
				CLANG_WARN_OBJC_ROOT_CLASS = YES_ERROR;
				CLANG_WARN_SUSPICIOUS_MOVE = YES;
				CLANG_WARN_UNREACHABLE_CODE = YES;
				CLANG_WARN__DUPLICATE_METHOD_MATCH = YES;
				"CODE_SIGN_IDENTITY[sdk=iphoneos*]" = "iPhone Developer";
				COPY_PHASE_STRIP = NO;
				DEBUG_INFORMATION_FORMAT = "dwarf-with-dsym";
				ENABLE_NS_ASSERTIONS = NO;
				ENABLE_STRICT_OBJC_MSGSEND = YES;
				GCC_C_LANGUAGE_STANDARD = gnu99;
				GCC_NO_COMMON_BLOCKS = YES;
				GCC_WARN_64_TO_32_BIT_CONVERSION = YES;
				GCC_WARN_ABOUT_RETURN_TYPE = YES_ERROR;
				GCC_WARN_UNDECLARED_SELECTOR = YES;
				GCC_WARN_UNINITIALIZED_AUTOS = YES_AGGRESSIVE;
				GCC_WARN_UNUSED_FUNCTION = YES;
				GCC_WARN_UNUSED_VARIABLE = YES;
				IPHONEOS_DEPLOYMENT_TARGET = 10.1;
				MTL_ENABLE_DEBUG_INFO = NO;
				SDKROOT = iphoneos;
				SWIFT_OPTIMIZATION_LEVEL = "-Owholemodule";
				VALIDATE_PRODUCT = YES;
			};
			name = Release;
		};
		EF68334A1DB7D17A0018DDD4 /* Debug */ = {
			isa = XCBuildConfiguration;
			buildSettings = {
				ASSETCATALOG_COMPILER_APPICON_NAME = AppIcon;
				CODE_SIGN_IDENTITY = "iPhone Developer";
				"CODE_SIGN_IDENTITY[sdk=iphoneos*]" = "iPhone Developer";
				INFOPLIST_FILE = Calleasy/Info.plist;
				IPHONEOS_DEPLOYMENT_TARGET = 10.0;
				LD_RUNPATH_SEARCH_PATHS = "$(inherited) @executable_path/Frameworks";
				PRODUCT_BUNDLE_IDENTIFIER = EllenCoe.Calleasy;
				PRODUCT_NAME = "$(TARGET_NAME)";
				PROVISIONING_PROFILE = "";
				SWIFT_VERSION = 3.0;
			};
			name = Debug;
		};
		EF68334B1DB7D17A0018DDD4 /* Release */ = {
			isa = XCBuildConfiguration;
			buildSettings = {
				ASSETCATALOG_COMPILER_APPICON_NAME = AppIcon;
				CODE_SIGN_IDENTITY = "iPhone Developer";
				"CODE_SIGN_IDENTITY[sdk=iphoneos*]" = "iPhone Developer";
				INFOPLIST_FILE = Calleasy/Info.plist;
				IPHONEOS_DEPLOYMENT_TARGET = 10.0;
				LD_RUNPATH_SEARCH_PATHS = "$(inherited) @executable_path/Frameworks";
				PRODUCT_BUNDLE_IDENTIFIER = EllenCoe.Calleasy;
				PRODUCT_NAME = "$(TARGET_NAME)";
				PROVISIONING_PROFILE = "";
				SWIFT_VERSION = 3.0;
			};
			name = Release;
		};
		EF68334D1DB7D17A0018DDD4 /* Debug */ = {
			isa = XCBuildConfiguration;
			buildSettings = {
				BUNDLE_LOADER = "$(TEST_HOST)";
				INFOPLIST_FILE = CalleasyTests/Info.plist;
				LD_RUNPATH_SEARCH_PATHS = "$(inherited) @executable_path/Frameworks @loader_path/Frameworks";
				PRODUCT_BUNDLE_IDENTIFIER = EllenCoe.CalleasyTests;
				PRODUCT_NAME = "$(TARGET_NAME)";
				SWIFT_VERSION = 3.0;
				TEST_HOST = "$(BUILT_PRODUCTS_DIR)/Calleasy.app/Calleasy";
			};
			name = Debug;
		};
		EF68334E1DB7D17A0018DDD4 /* Release */ = {
			isa = XCBuildConfiguration;
			buildSettings = {
				BUNDLE_LOADER = "$(TEST_HOST)";
				INFOPLIST_FILE = CalleasyTests/Info.plist;
				LD_RUNPATH_SEARCH_PATHS = "$(inherited) @executable_path/Frameworks @loader_path/Frameworks";
				PRODUCT_BUNDLE_IDENTIFIER = EllenCoe.CalleasyTests;
				PRODUCT_NAME = "$(TARGET_NAME)";
				SWIFT_VERSION = 3.0;
				TEST_HOST = "$(BUILT_PRODUCTS_DIR)/Calleasy.app/Calleasy";
			};
			name = Release;
		};
		EF6833501DB7D17A0018DDD4 /* Debug */ = {
			isa = XCBuildConfiguration;
			buildSettings = {
				INFOPLIST_FILE = CalleasyUITests/Info.plist;
				LD_RUNPATH_SEARCH_PATHS = "$(inherited) @executable_path/Frameworks @loader_path/Frameworks";
				PRODUCT_BUNDLE_IDENTIFIER = EllenCoe.CalleasyUITests;
				PRODUCT_NAME = "$(TARGET_NAME)";
				SWIFT_VERSION = 3.0;
				TEST_TARGET_NAME = Calleasy;
			};
			name = Debug;
		};
		EF6833511DB7D17A0018DDD4 /* Release */ = {
			isa = XCBuildConfiguration;
			buildSettings = {
				INFOPLIST_FILE = CalleasyUITests/Info.plist;
				LD_RUNPATH_SEARCH_PATHS = "$(inherited) @executable_path/Frameworks @loader_path/Frameworks";
				PRODUCT_BUNDLE_IDENTIFIER = EllenCoe.CalleasyUITests;
				PRODUCT_NAME = "$(TARGET_NAME)";
				SWIFT_VERSION = 3.0;
				TEST_TARGET_NAME = Calleasy;
			};
			name = Release;
		};
/* End XCBuildConfiguration section */

/* Begin XCConfigurationList section */
		EF68331C1DB7D17A0018DDD4 /* Build configuration list for PBXProject "Calleasy" */ = {
			isa = XCConfigurationList;
			buildConfigurations = (
				EF6833471DB7D17A0018DDD4 /* Debug */,
				EF6833481DB7D17A0018DDD4 /* Release */,
			);
			defaultConfigurationIsVisible = 0;
			defaultConfigurationName = Release;
		};
		EF6833491DB7D17A0018DDD4 /* Build configuration list for PBXNativeTarget "Calleasy" */ = {
			isa = XCConfigurationList;
			buildConfigurations = (
				EF68334A1DB7D17A0018DDD4 /* Debug */,
				EF68334B1DB7D17A0018DDD4 /* Release */,
			);
			defaultConfigurationIsVisible = 0;
			defaultConfigurationName = Release;
		};
		EF68334C1DB7D17A0018DDD4 /* Build configuration list for PBXNativeTarget "CalleasyTests" */ = {
			isa = XCConfigurationList;
			buildConfigurations = (
				EF68334D1DB7D17A0018DDD4 /* Debug */,
				EF68334E1DB7D17A0018DDD4 /* Release */,
			);
			defaultConfigurationIsVisible = 0;
			defaultConfigurationName = Release;
		};
		EF68334F1DB7D17A0018DDD4 /* Build configuration list for PBXNativeTarget "CalleasyUITests" */ = {
			isa = XCConfigurationList;
			buildConfigurations = (
				EF6833501DB7D17A0018DDD4 /* Debug */,
				EF6833511DB7D17A0018DDD4 /* Release */,
			);
			defaultConfigurationIsVisible = 0;
			defaultConfigurationName = Release;
		};
/* End XCConfigurationList section */
	};
	rootObject = EF6833191DB7D17A0018DDD4 /* Project object */;
}
